
Microsoft Visual Studio Solution File, Format Version 12.00
# Visual Studio 14
VisualStudioVersion = 14.0.25420.1
MinimumVisualStudioVersion = 10.0.40219.1
Project("{FAE04EC0-301F-11D3-BF4B-00C04F79EFBC}") = "BattleNET", "BattleNET\BattleNET.csproj", "{4FBB3734-215B-45B1-BDBC-0EFA156A6900}"
EndProject
Project("{FAE04EC0-301F-11D3-BF4B-00C04F79EFBC}") = "Arma3BE.Client", "Arma3BE.Client\Arma3BE.Client.csproj", "{46B9AF55-01D0-45B0-95CB-16F5B61A9F03}"
	ProjectSection(ProjectDependencies) = postProject
		{017F121B-3AF0-4E98-A107-0CC3F2B67FCE} = {017F121B-3AF0-4E98-A107-0CC3F2B67FCE}
		{CF43B82B-1F25-4385-B315-AB7B4C010A4B} = {CF43B82B-1F25-4385-B315-AB7B4C010A4B}
		{DA176F41-7DB9-4678-868B-C585C95CB48E} = {DA176F41-7DB9-4678-868B-C585C95CB48E}
		{E7C5AB59-5824-40EA-AE0C-F8C75B6C919C} = {E7C5AB59-5824-40EA-AE0C-F8C75B6C919C}
		{49E36C5F-4A81-4338-8A34-C0E52FCFA5DC} = {49E36C5F-4A81-4338-8A34-C0E52FCFA5DC}
		{09D6C875-0877-40B7-B52C-7FA0476C1D5D} = {09D6C875-0877-40B7-B52C-7FA0476C1D5D}
		{B9350497-D13C-4A2B-B4F9-51C53D28A55A} = {B9350497-D13C-4A2B-B4F9-51C53D28A55A}
		{6CE098A8-DFF1-4C66-AD16-909903945E2B} = {6CE098A8-DFF1-4C66-AD16-909903945E2B}
		{35DBA2B4-0519-44CF-BA45-7AA6754866FD} = {35DBA2B4-0519-44CF-BA45-7AA6754866FD}
		{CD6C99BE-B22B-4B78-AE37-A7561E1FF837} = {CD6C99BE-B22B-4B78-AE37-A7561E1FF837}
		{50E80FCC-87BD-4982-901E-38FD22482D02} = {50E80FCC-87BD-4982-901E-38FD22482D02}
		{B58670E5-011F-4318-964E-35C8B63870A5} = {B58670E5-011F-4318-964E-35C8B63870A5}
	EndProjectSection
EndProject
Project("{FAE04EC0-301F-11D3-BF4B-00C04F79EFBC}") = "Arma3BE.Tests", "Arma3BE.Tests\Arma3BE.Tests.csproj", "{04AEB592-9BCB-4E4F-B4E8-A002094728CE}"
EndProject
Project("{FAE04EC0-301F-11D3-BF4B-00C04F79EFBC}") = "Arma3BE.Common", "Arma3BE.Common\Arma3BE.Common.csproj", "{D507E532-7DE6-4028-9DBE-AA76C54CC92A}"
EndProject
Project("{FAE04EC0-301F-11D3-BF4B-00C04F79EFBC}") = "Arma3BE.Client.Libs", "Arma3BE.Client.Libs\Arma3BE.Client.Libs.csproj", "{E5240A50-E944-4F50-A353-2E3C9E547447}"
EndProject
Project("{FAE04EC0-301F-11D3-BF4B-00C04F79EFBC}") = "Arma3BE.Steam", "Arma3BE.Steam\Arma3BE.Steam.csproj", "{B2948BD4-B413-4E9D-B9ED-41261B0C56DA}"
EndProject
Project("{2150E333-8FDC-42A3-9474-1A3956D46DE8}") = "Client", "Client", "{22A6CC46-99D2-45AF-B379-3320ECE99124}"
EndProject
Project("{2150E333-8FDC-42A3-9474-1A3956D46DE8}") = "Common", "Common", "{A63546C5-96E9-4DAF-ACBF-C4D0C2F6B9CF}"
EndProject
Project("{2150E333-8FDC-42A3-9474-1A3956D46DE8}") = "Server", "Server", "{009DEDB1-E6E3-4FA8-AFEC-39DBBE4FFCC6}"
EndProject
Project("{FAE04EC0-301F-11D3-BF4B-00C04F79EFBC}") = "Arma3BE.Server", "Arma3BE.Server\Arma3BE.Server.csproj", "{992FAB3C-6505-41E4-A4D0-4D0657661695}"
EndProject
Project("{2150E333-8FDC-42A3-9474-1A3956D46DE8}") = "Global", "Global", "{44D8CBB8-B667-461A-AA90-267147BA7055}"
	ProjectSection(SolutionItems) = preProject
		GlobalAssemblyInfo.cs = GlobalAssemblyInfo.cs
	EndProjectSection
EndProject
Project("{FAE04EC0-301F-11D3-BF4B-00C04F79EFBC}") = "Arma3BE.Client.Modules.MainModule", "Arma3BE.Client.Modules.MainModule\Arma3BE.Client.Modules.MainModule.csproj", "{58DBDF91-7AD0-4780-A3EF-0FA5C39E2869}"
	ProjectSection(ProjectDependencies) = postProject
		{CF43B82B-1F25-4385-B315-AB7B4C010A4B} = {CF43B82B-1F25-4385-B315-AB7B4C010A4B}
	EndProjectSection
EndProject
Project("{FAE04EC0-301F-11D3-BF4B-00C04F79EFBC}") = "Arma3BE.Client.Infrastructure", "Arma3BE.Client.Infrastructure\Arma3BE.Client.Infrastructure.csproj", "{B58670E5-011F-4318-964E-35C8B63870A5}"
EndProject
Project("{FAE04EC0-301F-11D3-BF4B-00C04F79EFBC}") = "Arma3BE.Client.Modules.OnlinePlayersModule", "Arma3BE.Client.Modules.OnlinePlayersModule\Arma3BE.Client.Modules.OnlinePlayersModule.csproj", "{017F121B-3AF0-4E98-A107-0CC3F2B67FCE}"
EndProject
Project("{FAE04EC0-301F-11D3-BF4B-00C04F79EFBC}") = "Arma3BE.Client.Modules.NetModule", "Arma3BE.Client.Modules.NetModule\Arma3BE.Client.Modules.NetModule.csproj", "{E7C5AB59-5824-40EA-AE0C-F8C75B6C919C}"
EndProject
Project("{FAE04EC0-301F-11D3-BF4B-00C04F79EFBC}") = "Arma3BE.Client.Modules.BanModule", "Arma3BE.Client.Modules.BanModule\Arma3BE.Client.Modules.BanModule.csproj", "{B9350497-D13C-4A2B-B4F9-51C53D28A55A}"
EndProject
Project("{FAE04EC0-301F-11D3-BF4B-00C04F79EFBC}") = "Arma3BE.Client.Styles", "Arma3BE.Client.Styles\Arma3BE.Client.Styles.csproj", "{CF43B82B-1F25-4385-B315-AB7B4C010A4B}"
EndProject
Project("{FAE04EC0-301F-11D3-BF4B-00C04F79EFBC}") = "Arma3BE.Client.Modules.ChatModule", "Arma3BE.Client.Modules.ChatModule\Arma3BE.Client.Modules.ChatModule.csproj", "{49E36C5F-4A81-4338-8A34-C0E52FCFA5DC}"
EndProject
Project("{FAE04EC0-301F-11D3-BF4B-00C04F79EFBC}") = "Arma3BE.Client.Modules.AdminsModule", "Arma3BE.Client.Modules.AdminsModule\Arma3BE.Client.Modules.AdminsModule.csproj", "{50E80FCC-87BD-4982-901E-38FD22482D02}"
EndProject
Project("{FAE04EC0-301F-11D3-BF4B-00C04F79EFBC}") = "Arma3BE.Client.Modules.PlayersModule", "Arma3BE.Client.Modules.PlayersModule\Arma3BE.Client.Modules.PlayersModule.csproj", "{CD6C99BE-B22B-4B78-AE37-A7561E1FF837}"
EndProject
Project("{FAE04EC0-301F-11D3-BF4B-00C04F79EFBC}") = "Arma3BE.Client.Modules.SteamModule", "Arma3BE.Client.Modules.SteamModule\Arma3BE.Client.Modules.SteamModule.csproj", "{6CE098A8-DFF1-4C66-AD16-909903945E2B}"
EndProject
Project("{FAE04EC0-301F-11D3-BF4B-00C04F79EFBC}") = "Arma3BE.Client.Modules.ManageServerModule", "Arma3BE.Client.Modules.ManageServerModule\Arma3BE.Client.Modules.ManageServerModule.csproj", "{DA176F41-7DB9-4678-868B-C585C95CB48E}"
EndProject
Project("{FAE04EC0-301F-11D3-BF4B-00C04F79EFBC}") = "Arma3BE.Client.Modules.BEServerModule", "Arma3BE.Client.Modules.BEServerModule\Arma3BE.Client.Modules.BEServerModule.csproj", "{35DBA2B4-0519-44CF-BA45-7AA6754866FD}"
EndProject
Project("{2150E333-8FDC-42A3-9474-1A3956D46DE8}") = "UI", "UI", "{5D341BA0-0818-480A-A61F-18E29E574A2A}"
EndProject
Project("{2150E333-8FDC-42A3-9474-1A3956D46DE8}") = "Services", "Services", "{DC5AD4D6-F483-4533-B6B4-4B514EAEED64}"
EndProject
Project("{FAE04EC0-301F-11D3-BF4B-00C04F79EFBC}") = "Arma3BE.Client.Modules.OptionsModule", "Arma3BE.Client.Modules.OptionsModule\Arma3BE.Client.Modules.OptionsModule.csproj", "{09D6C875-0877-40B7-B52C-7FA0476C1D5D}"
EndProject
Project("{FAE04EC0-301F-11D3-BF4B-00C04F79EFBC}") = "Arma3BE.Client.Modules.IndicatorsModule", "Arma3BE.Client.Modules.IndicatorsModule\Arma3BE.Client.Modules.IndicatorsModule.csproj", "{DEE7AD82-5ABD-4A16-90FA-B46DA96F3049}"
EndProject
Project("{FAE04EC0-301F-11D3-BF4B-00C04F79EFBC}") = "Arma3BE.Client.Modules.CoreModule", "Arma3BE.Client.Modules.CoreModule\Arma3BE.Client.Modules.CoreModule.csproj", "{308EEF0C-5DE3-435E-8249-7A658BFAFD08}"
EndProject
Project("{FAE04EC0-301F-11D3-BF4B-00C04F79EFBC}") = "Arma3BE.Client.Modules.DevTools", "Arma3BE.Client.Modules.DevTools\Arma3BE.Client.Modules.DevTools.csproj", "{1EE247D9-EAD2-4E52-82DA-270BBEB688E9}"
EndProject
Project("{FAE04EC0-301F-11D3-BF4B-00C04F79EFBC}") = "Arma3BE.Client.Modules.ToolsModule", "Arma3BE.Client.Modules.ToolsModule\Arma3BE.Client.Modules.ToolsModule.csproj", "{57EF9E36-98D1-4DFE-A56B-ADE958BAB019}"
EndProject
Project("{2150E333-8FDC-42A3-9474-1A3956D46DE8}") = "Tests", "Tests", "{561F7217-8BEF-4812-91ED-3DE5483DFD07}"
EndProject
Project("{FAE04EC0-301F-11D3-BF4B-00C04F79EFBC}") = "Arma3BE.Client.Modules.BEServerModule.Tests", "Arma3BE.Client.Modules.BEServerModule.Tests\Arma3BE.Client.Modules.BEServerModule.Tests.csproj", "{FA11FEA6-31FA-4A53-AFB0-DCB23CE48ECF}"
EndProject
Project("{FAE04EC0-301F-11D3-BF4B-00C04F79EFBC}") = "Arma3BE.Client.IntegrationTests", "Arma3BE.Client.IntegrationTests\Arma3BE.Client.IntegrationTests.csproj", "{0E52929B-A5AA-4B2C-9532-C50AFFE76228}"
EndProject
Global
	GlobalSection(SolutionConfigurationPlatforms) = preSolution
		Debug|Any CPU = Debug|Any CPU
		Release|Any CPU = Release|Any CPU
	EndGlobalSection
	GlobalSection(ProjectConfigurationPlatforms) = postSolution
		{4FBB3734-215B-45B1-BDBC-0EFA156A6900}.Debug|Any CPU.ActiveCfg = Debug|Any CPU
		{4FBB3734-215B-45B1-BDBC-0EFA156A6900}.Debug|Any CPU.Build.0 = Debug|Any CPU
		{4FBB3734-215B-45B1-BDBC-0EFA156A6900}.Release|Any CPU.ActiveCfg = Release|Any CPU
		{4FBB3734-215B-45B1-BDBC-0EFA156A6900}.Release|Any CPU.Build.0 = Release|Any CPU
		{46B9AF55-01D0-45B0-95CB-16F5B61A9F03}.Debug|Any CPU.ActiveCfg = Debug|Any CPU
		{46B9AF55-01D0-45B0-95CB-16F5B61A9F03}.Debug|Any CPU.Build.0 = Debug|Any CPU
		{46B9AF55-01D0-45B0-95CB-16F5B61A9F03}.Release|Any CPU.ActiveCfg = Release|Any CPU
		{46B9AF55-01D0-45B0-95CB-16F5B61A9F03}.Release|Any CPU.Build.0 = Release|Any CPU
		{04AEB592-9BCB-4E4F-B4E8-A002094728CE}.Debug|Any CPU.ActiveCfg = Debug|Any CPU
		{04AEB592-9BCB-4E4F-B4E8-A002094728CE}.Debug|Any CPU.Build.0 = Debug|Any CPU
		{04AEB592-9BCB-4E4F-B4E8-A002094728CE}.Release|Any CPU.ActiveCfg = Release|Any CPU
		{04AEB592-9BCB-4E4F-B4E8-A002094728CE}.Release|Any CPU.Build.0 = Release|Any CPU
		{D507E532-7DE6-4028-9DBE-AA76C54CC92A}.Debug|Any CPU.ActiveCfg = Debug|Any CPU
		{D507E532-7DE6-4028-9DBE-AA76C54CC92A}.Debug|Any CPU.Build.0 = Debug|Any CPU
		{D507E532-7DE6-4028-9DBE-AA76C54CC92A}.Release|Any CPU.ActiveCfg = Release|Any CPU
		{D507E532-7DE6-4028-9DBE-AA76C54CC92A}.Release|Any CPU.Build.0 = Release|Any CPU
		{E5240A50-E944-4F50-A353-2E3C9E547447}.Debug|Any CPU.ActiveCfg = Debug|Any CPU
		{E5240A50-E944-4F50-A353-2E3C9E547447}.Debug|Any CPU.Build.0 = Debug|Any CPU
		{E5240A50-E944-4F50-A353-2E3C9E547447}.Release|Any CPU.ActiveCfg = Release|Any CPU
		{E5240A50-E944-4F50-A353-2E3C9E547447}.Release|Any CPU.Build.0 = Release|Any CPU
		{B2948BD4-B413-4E9D-B9ED-41261B0C56DA}.Debug|Any CPU.ActiveCfg = Debug|Any CPU
		{B2948BD4-B413-4E9D-B9ED-41261B0C56DA}.Debug|Any CPU.Build.0 = Debug|Any CPU
		{B2948BD4-B413-4E9D-B9ED-41261B0C56DA}.Release|Any CPU.ActiveCfg = Release|Any CPU
		{B2948BD4-B413-4E9D-B9ED-41261B0C56DA}.Release|Any CPU.Build.0 = Release|Any CPU
		{992FAB3C-6505-41E4-A4D0-4D0657661695}.Debug|Any CPU.ActiveCfg = Debug|Any CPU
		{992FAB3C-6505-41E4-A4D0-4D0657661695}.Debug|Any CPU.Build.0 = Debug|Any CPU
		{992FAB3C-6505-41E4-A4D0-4D0657661695}.Release|Any CPU.ActiveCfg = Release|Any CPU
		{992FAB3C-6505-41E4-A4D0-4D0657661695}.Release|Any CPU.Build.0 = Release|Any CPU
		{58DBDF91-7AD0-4780-A3EF-0FA5C39E2869}.Debug|Any CPU.ActiveCfg = Debug|Any CPU
		{58DBDF91-7AD0-4780-A3EF-0FA5C39E2869}.Debug|Any CPU.Build.0 = Debug|Any CPU
		{58DBDF91-7AD0-4780-A3EF-0FA5C39E2869}.Release|Any CPU.ActiveCfg = Release|Any CPU
		{58DBDF91-7AD0-4780-A3EF-0FA5C39E2869}.Release|Any CPU.Build.0 = Release|Any CPU
		{B58670E5-011F-4318-964E-35C8B63870A5}.Debug|Any CPU.ActiveCfg = Debug|Any CPU
		{B58670E5-011F-4318-964E-35C8B63870A5}.Debug|Any CPU.Build.0 = Debug|Any CPU
		{B58670E5-011F-4318-964E-35C8B63870A5}.Release|Any CPU.ActiveCfg = Release|Any CPU
		{B58670E5-011F-4318-964E-35C8B63870A5}.Release|Any CPU.Build.0 = Release|Any CPU
		{017F121B-3AF0-4E98-A107-0CC3F2B67FCE}.Debug|Any CPU.ActiveCfg = Debug|Any CPU
		{017F121B-3AF0-4E98-A107-0CC3F2B67FCE}.Debug|Any CPU.Build.0 = Debug|Any CPU
		{017F121B-3AF0-4E98-A107-0CC3F2B67FCE}.Release|Any CPU.ActiveCfg = Release|Any CPU
		{017F121B-3AF0-4E98-A107-0CC3F2B67FCE}.Release|Any CPU.Build.0 = Release|Any CPU
		{E7C5AB59-5824-40EA-AE0C-F8C75B6C919C}.Debug|Any CPU.ActiveCfg = Debug|Any CPU
		{E7C5AB59-5824-40EA-AE0C-F8C75B6C919C}.Debug|Any CPU.Build.0 = Debug|Any CPU
		{E7C5AB59-5824-40EA-AE0C-F8C75B6C919C}.Release|Any CPU.ActiveCfg = Release|Any CPU
		{E7C5AB59-5824-40EA-AE0C-F8C75B6C919C}.Release|Any CPU.Build.0 = Release|Any CPU
		{B9350497-D13C-4A2B-B4F9-51C53D28A55A}.Debug|Any CPU.ActiveCfg = Debug|Any CPU
		{B9350497-D13C-4A2B-B4F9-51C53D28A55A}.Debug|Any CPU.Build.0 = Debug|Any CPU
		{B9350497-D13C-4A2B-B4F9-51C53D28A55A}.Release|Any CPU.ActiveCfg = Release|Any CPU
		{B9350497-D13C-4A2B-B4F9-51C53D28A55A}.Release|Any CPU.Build.0 = Release|Any CPU
		{CF43B82B-1F25-4385-B315-AB7B4C010A4B}.Debug|Any CPU.ActiveCfg = Debug|Any CPU
		{CF43B82B-1F25-4385-B315-AB7B4C010A4B}.Debug|Any CPU.Build.0 = Debug|Any CPU
		{CF43B82B-1F25-4385-B315-AB7B4C010A4B}.Release|Any CPU.ActiveCfg = Release|Any CPU
		{CF43B82B-1F25-4385-B315-AB7B4C010A4B}.Release|Any CPU.Build.0 = Release|Any CPU
		{49E36C5F-4A81-4338-8A34-C0E52FCFA5DC}.Debug|Any CPU.ActiveCfg = Debug|Any CPU
		{49E36C5F-4A81-4338-8A34-C0E52FCFA5DC}.Debug|Any CPU.Build.0 = Debug|Any CPU
		{49E36C5F-4A81-4338-8A34-C0E52FCFA5DC}.Release|Any CPU.ActiveCfg = Release|Any CPU
		{49E36C5F-4A81-4338-8A34-C0E52FCFA5DC}.Release|Any CPU.Build.0 = Release|Any CPU
		{50E80FCC-87BD-4982-901E-38FD22482D02}.Debug|Any CPU.ActiveCfg = Debug|Any CPU
		{50E80FCC-87BD-4982-901E-38FD22482D02}.Debug|Any CPU.Build.0 = Debug|Any CPU
		{50E80FCC-87BD-4982-901E-38FD22482D02}.Release|Any CPU.ActiveCfg = Release|Any CPU
		{50E80FCC-87BD-4982-901E-38FD22482D02}.Release|Any CPU.Build.0 = Release|Any CPU
		{CD6C99BE-B22B-4B78-AE37-A7561E1FF837}.Debug|Any CPU.ActiveCfg = Debug|Any CPU
		{CD6C99BE-B22B-4B78-AE37-A7561E1FF837}.Debug|Any CPU.Build.0 = Debug|Any CPU
		{CD6C99BE-B22B-4B78-AE37-A7561E1FF837}.Release|Any CPU.ActiveCfg = Release|Any CPU
		{CD6C99BE-B22B-4B78-AE37-A7561E1FF837}.Release|Any CPU.Build.0 = Release|Any CPU
		{6CE098A8-DFF1-4C66-AD16-909903945E2B}.Debug|Any CPU.ActiveCfg = Debug|Any CPU
		{6CE098A8-DFF1-4C66-AD16-909903945E2B}.Debug|Any CPU.Build.0 = Debug|Any CPU
		{6CE098A8-DFF1-4C66-AD16-909903945E2B}.Release|Any CPU.ActiveCfg = Release|Any CPU
		{6CE098A8-DFF1-4C66-AD16-909903945E2B}.Release|Any CPU.Build.0 = Release|Any CPU
		{DA176F41-7DB9-4678-868B-C585C95CB48E}.Debug|Any CPU.ActiveCfg = Debug|Any CPU
		{DA176F41-7DB9-4678-868B-C585C95CB48E}.Debug|Any CPU.Build.0 = Debug|Any CPU
		{DA176F41-7DB9-4678-868B-C585C95CB48E}.Release|Any CPU.ActiveCfg = Release|Any CPU
		{DA176F41-7DB9-4678-868B-C585C95CB48E}.Release|Any CPU.Build.0 = Release|Any CPU
		{35DBA2B4-0519-44CF-BA45-7AA6754866FD}.Debug|Any CPU.ActiveCfg = Debug|Any CPU
		{35DBA2B4-0519-44CF-BA45-7AA6754866FD}.Debug|Any CPU.Build.0 = Debug|Any CPU
		{35DBA2B4-0519-44CF-BA45-7AA6754866FD}.Release|Any CPU.ActiveCfg = Release|Any CPU
		{35DBA2B4-0519-44CF-BA45-7AA6754866FD}.Release|Any CPU.Build.0 = Release|Any CPU
		{09D6C875-0877-40B7-B52C-7FA0476C1D5D}.Debug|Any CPU.ActiveCfg = Debug|Any CPU
		{09D6C875-0877-40B7-B52C-7FA0476C1D5D}.Debug|Any CPU.Build.0 = Debug|Any CPU
		{09D6C875-0877-40B7-B52C-7FA0476C1D5D}.Release|Any CPU.ActiveCfg = Release|Any CPU
		{09D6C875-0877-40B7-B52C-7FA0476C1D5D}.Release|Any CPU.Build.0 = Release|Any CPU
		{DEE7AD82-5ABD-4A16-90FA-B46DA96F3049}.Debug|Any CPU.ActiveCfg = Debug|Any CPU
		{DEE7AD82-5ABD-4A16-90FA-B46DA96F3049}.Debug|Any CPU.Build.0 = Debug|Any CPU
		{DEE7AD82-5ABD-4A16-90FA-B46DA96F3049}.Release|Any CPU.ActiveCfg = Release|Any CPU
		{DEE7AD82-5ABD-4A16-90FA-B46DA96F3049}.Release|Any CPU.Build.0 = Release|Any CPU
		{308EEF0C-5DE3-435E-8249-7A658BFAFD08}.Debug|Any CPU.ActiveCfg = Debug|Any CPU
		{308EEF0C-5DE3-435E-8249-7A658BFAFD08}.Debug|Any CPU.Build.0 = Debug|Any CPU
		{308EEF0C-5DE3-435E-8249-7A658BFAFD08}.Release|Any CPU.ActiveCfg = Release|Any CPU
		{308EEF0C-5DE3-435E-8249-7A658BFAFD08}.Release|Any CPU.Build.0 = Release|Any CPU
		{1EE247D9-EAD2-4E52-82DA-270BBEB688E9}.Debug|Any CPU.ActiveCfg = Debug|Any CPU
		{1EE247D9-EAD2-4E52-82DA-270BBEB688E9}.Debug|Any CPU.Build.0 = Debug|Any CPU
		{1EE247D9-EAD2-4E52-82DA-270BBEB688E9}.Release|Any CPU.ActiveCfg = Release|Any CPU
		{1EE247D9-EAD2-4E52-82DA-270BBEB688E9}.Release|Any CPU.Build.0 = Release|Any CPU
		{57EF9E36-98D1-4DFE-A56B-ADE958BAB019}.Debug|Any CPU.ActiveCfg = Debug|Any CPU
		{57EF9E36-98D1-4DFE-A56B-ADE958BAB019}.Debug|Any CPU.Build.0 = Debug|Any CPU
		{57EF9E36-98D1-4DFE-A56B-ADE958BAB019}.Release|Any CPU.ActiveCfg = Release|Any CPU
		{57EF9E36-98D1-4DFE-A56B-ADE958BAB019}.Release|Any CPU.Build.0 = Release|Any CPU
		{FA11FEA6-31FA-4A53-AFB0-DCB23CE48ECF}.Debug|Any CPU.ActiveCfg = Debug|Any CPU
		{FA11FEA6-31FA-4A53-AFB0-DCB23CE48ECF}.Debug|Any CPU.Build.0 = Debug|Any CPU
		{FA11FEA6-31FA-4A53-AFB0-DCB23CE48ECF}.Release|Any CPU.ActiveCfg = Release|Any CPU
		{FA11FEA6-31FA-4A53-AFB0-DCB23CE48ECF}.Release|Any CPU.Build.0 = Release|Any CPU
		{0E52929B-A5AA-4B2C-9532-C50AFFE76228}.Debug|Any CPU.ActiveCfg = Debug|Any CPU
		{0E52929B-A5AA-4B2C-9532-C50AFFE76228}.Debug|Any CPU.Build.0 = Debug|Any CPU
		{0E52929B-A5AA-4B2C-9532-C50AFFE76228}.Release|Any CPU.ActiveCfg = Release|Any CPU
		{0E52929B-A5AA-4B2C-9532-C50AFFE76228}.Release|Any CPU.Build.0 = Release|Any CPU
	EndGlobalSection
	GlobalSection(SolutionProperties) = preSolution
		HideSolutionNode = FALSE
	EndGlobalSection
	GlobalSection(NestedProjects) = preSolution
		{4FBB3734-215B-45B1-BDBC-0EFA156A6900} = {A63546C5-96E9-4DAF-ACBF-C4D0C2F6B9CF}
		{46B9AF55-01D0-45B0-95CB-16F5B61A9F03} = {22A6CC46-99D2-45AF-B379-3320ECE99124}
		{D507E532-7DE6-4028-9DBE-AA76C54CC92A} = {A63546C5-96E9-4DAF-ACBF-C4D0C2F6B9CF}
		{E5240A50-E944-4F50-A353-2E3C9E547447} = {22A6CC46-99D2-45AF-B379-3320ECE99124}
		{B2948BD4-B413-4E9D-B9ED-41261B0C56DA} = {A63546C5-96E9-4DAF-ACBF-C4D0C2F6B9CF}
		{992FAB3C-6505-41E4-A4D0-4D0657661695} = {009DEDB1-E6E3-4FA8-AFEC-39DBBE4FFCC6}
		{58DBDF91-7AD0-4780-A3EF-0FA5C39E2869} = {5D341BA0-0818-480A-A61F-18E29E574A2A}
		{B58670E5-011F-4318-964E-35C8B63870A5} = {22A6CC46-99D2-45AF-B379-3320ECE99124}
		{017F121B-3AF0-4E98-A107-0CC3F2B67FCE} = {5D341BA0-0818-480A-A61F-18E29E574A2A}
		{E7C5AB59-5824-40EA-AE0C-F8C75B6C919C} = {DC5AD4D6-F483-4533-B6B4-4B514EAEED64}
		{B9350497-D13C-4A2B-B4F9-51C53D28A55A} = {5D341BA0-0818-480A-A61F-18E29E574A2A}
		{CF43B82B-1F25-4385-B315-AB7B4C010A4B} = {22A6CC46-99D2-45AF-B379-3320ECE99124}
		{49E36C5F-4A81-4338-8A34-C0E52FCFA5DC} = {5D341BA0-0818-480A-A61F-18E29E574A2A}
		{50E80FCC-87BD-4982-901E-38FD22482D02} = {5D341BA0-0818-480A-A61F-18E29E574A2A}
		{CD6C99BE-B22B-4B78-AE37-A7561E1FF837} = {5D341BA0-0818-480A-A61F-18E29E574A2A}
		{6CE098A8-DFF1-4C66-AD16-909903945E2B} = {5D341BA0-0818-480A-A61F-18E29E574A2A}
		{DA176F41-7DB9-4678-868B-C585C95CB48E} = {5D341BA0-0818-480A-A61F-18E29E574A2A}
		{35DBA2B4-0519-44CF-BA45-7AA6754866FD} = {DC5AD4D6-F483-4533-B6B4-4B514EAEED64}
		{5D341BA0-0818-480A-A61F-18E29E574A2A} = {22A6CC46-99D2-45AF-B379-3320ECE99124}
		{DC5AD4D6-F483-4533-B6B4-4B514EAEED64} = {22A6CC46-99D2-45AF-B379-3320ECE99124}
		{09D6C875-0877-40B7-B52C-7FA0476C1D5D} = {5D341BA0-0818-480A-A61F-18E29E574A2A}
		{DEE7AD82-5ABD-4A16-90FA-B46DA96F3049} = {5D341BA0-0818-480A-A61F-18E29E574A2A}
		{308EEF0C-5DE3-435E-8249-7A658BFAFD08} = {DC5AD4D6-F483-4533-B6B4-4B514EAEED64}
		{1EE247D9-EAD2-4E52-82DA-270BBEB688E9} = {5D341BA0-0818-480A-A61F-18E29E574A2A}
		{57EF9E36-98D1-4DFE-A56B-ADE958BAB019} = {5D341BA0-0818-480A-A61F-18E29E574A2A}
		{561F7217-8BEF-4812-91ED-3DE5483DFD07} = {DC5AD4D6-F483-4533-B6B4-4B514EAEED64}
		{FA11FEA6-31FA-4A53-AFB0-DCB23CE48ECF} = {561F7217-8BEF-4812-91ED-3DE5483DFD07}
		{0E52929B-A5AA-4B2C-9532-C50AFFE76228} = {22A6CC46-99D2-45AF-B379-3320ECE99124}
	EndGlobalSection
EndGlobal
