
Microsoft Visual Studio Solution File, Format Version 12.00
# Visual Studio 14
VisualStudioVersion = 14.0.25123.0
MinimumVisualStudioVersion = 10.0.40219.1
Project("{FAE04EC0-301F-11D3-BF4B-00C04F79EFBC}") = "BattleNET", "BattleNET\BattleNET.csproj", "{4FBB3734-215B-45B1-BDBC-0EFA156A6900}"
EndProject
Project("{FAE04EC0-301F-11D3-BF4B-00C04F79EFBC}") = "Arma3BE.Client", "Arma3BE.Client\Arma3BE.Client.csproj", "{46B9AF55-01D0-45B0-95CB-16F5B61A9F03}"
EndProject
Project("{FAE04EC0-301F-11D3-BF4B-00C04F79EFBC}") = "Arma3BE.Tests", "Arma3BE.Tests\Arma3BE.Tests.csproj", "{04AEB592-9BCB-4E4F-B4E8-A002094728CE}"
EndProject
Project("{FAE04EC0-301F-11D3-BF4B-00C04F79EFBC}") = "Arma3BE.Common", "Arma3BE.Common\Arma3BE.Common.csproj", "{D507E532-7DE6-4028-9DBE-AA76C54CC92A}"
EndProject
Project("{FAE04EC0-301F-11D3-BF4B-00C04F79EFBC}") = "Arma3BE.Client.Console", "Arma3BE.Client.Console\Arma3BE.Client.Console.csproj", "{461EF26D-3722-4A73-A582-8536B5848F01}"
EndProject
Project("{FAE04EC0-301F-11D3-BF4B-00C04F79EFBC}") = "Arma3BE.Client.Sheduler", "Arma3BE.Client.Sheduler\Arma3BE.Client.Sheduler.csproj", "{64366237-BAC0-4866-8878-39CA18D1E889}"
EndProject
Project("{FAE04EC0-301F-11D3-BF4B-00C04F79EFBC}") = "Arma3BE.Client.Libs", "Arma3BE.Client.Libs\Arma3BE.Client.Libs.csproj", "{E5240A50-E944-4F50-A353-2E3C9E547447}"
EndProject
Project("{FAE04EC0-301F-11D3-BF4B-00C04F79EFBC}") = "Arma3BE.Steam", "Arma3BE.Steam\Arma3BE.Steam.csproj", "{B2948BD4-B413-4E9D-B9ED-41261B0C56DA}"
EndProject
Project("{2150E333-8FDC-42A3-9474-1A3956D46DE8}") = "Client", "Client", "{22A6CC46-99D2-45AF-B379-3320ECE99124}"
EndProject
Project("{2150E333-8FDC-42A3-9474-1A3956D46DE8}") = ".nuget", ".nuget", "{9FC935E3-AD28-42D1-8C09-6E7FD4E0233B}"
	ProjectSection(SolutionItems) = preProject
		.nuget\NuGet.Config = .nuget\NuGet.Config
		.nuget\NuGet.exe = .nuget\NuGet.exe
		.nuget\NuGet.targets = .nuget\NuGet.targets
	EndProjectSection
EndProject
Project("{2150E333-8FDC-42A3-9474-1A3956D46DE8}") = "Common", "Common", "{A63546C5-96E9-4DAF-ACBF-C4D0C2F6B9CF}"
EndProject
Project("{2150E333-8FDC-42A3-9474-1A3956D46DE8}") = "Server", "Server", "{009DEDB1-E6E3-4FA8-AFEC-39DBBE4FFCC6}"
EndProject
Project("{FAE04EC0-301F-11D3-BF4B-00C04F79EFBC}") = "Arma3BE.Server", "Arma3BE.Server\Arma3BE.Server.csproj", "{992FAB3C-6505-41E4-A4D0-4D0657661695}"
EndProject
Project("{2150E333-8FDC-42A3-9474-1A3956D46DE8}") = "Global", "Global", "{44D8CBB8-B667-461A-AA90-267147BA7055}"
	ProjectSection(SolutionItems) = preProject
		GlobalAssemblyInfo.cs = GlobalAssemblyInfo.cs
	EndProjectSection
EndProject
Project("{2150E333-8FDC-42A3-9474-1A3956D46DE8}") = "Frontend", "Frontend", "{2F4F1E4D-2CAB-4AC4-AB7A-53DC68B61001}"
EndProject
Project("{FAE04EC0-301F-11D3-BF4B-00C04F79EFBC}") = "Arma3BE.Frontend", "Arma3BE.Frontend\Arma3BE.Frontend.csproj", "{BE0E5D76-66C9-46C4-81B3-B2304D51A548}"
EndProject
Project("{2150E333-8FDC-42A3-9474-1A3956D46DE8}") = "Modules", "Modules", "{A0385D1F-C1F4-4A06-9D37-A71AD607EE8D}"
EndProject
Project("{FAE04EC0-301F-11D3-BF4B-00C04F79EFBC}") = "Arma3BE.Frontend.Modules.Views", "Arma3BE.Frontend.Modules.Views\Arma3BE.Frontend.Modules.Views.csproj", "{0456B6CE-507F-444A-8446-5E611EAD1AA3}"
EndProject
Project("{FAE04EC0-301F-11D3-BF4B-00C04F79EFBC}") = "Arma3BE.Frontend.Infrastructure", "Arma3BE.Frontend.Infrastructure\Arma3BE.Frontend.Infrastructure.csproj", "{4CCDE1BB-3D7F-441D-BCDA-A651132FF61B}"
EndProject
Project("{2150E333-8FDC-42A3-9474-1A3956D46DE8}") = "Modules", "Modules", "{0A6E26FC-847F-48AF-A744-DD901EC34618}"
EndProject
Project("{FAE04EC0-301F-11D3-BF4B-00C04F79EFBC}") = "Arma3BE.Client.Modules.MainModule", "Arma3BE.Client.Modules.MainModule\Arma3BE.Client.Modules.MainModule.csproj", "{58DBDF91-7AD0-4780-A3EF-0FA5C39E2869}"
EndProject
Project("{FAE04EC0-301F-11D3-BF4B-00C04F79EFBC}") = "Arma3BE.Client.Infrastructure", "Arma3BE.Client.Infrastructure\Arma3BE.Client.Infrastructure.csproj", "{B58670E5-011F-4318-964E-35C8B63870A5}"
EndProject
Global
	GlobalSection(SolutionConfigurationPlatforms) = preSolution
		Debug|Any CPU = Debug|Any CPU
		Release|Any CPU = Release|Any CPU
	EndGlobalSection
	GlobalSection(ProjectConfigurationPlatforms) = postSolution
		{4FBB3734-215B-45B1-BDBC-0EFA156A6900}.Debug|Any CPU.ActiveCfg = Debug|Any CPU
		{4FBB3734-215B-45B1-BDBC-0EFA156A6900}.Debug|Any CPU.Build.0 = Debug|Any CPU
		{4FBB3734-215B-45B1-BDBC-0EFA156A6900}.Release|Any CPU.ActiveCfg = Release|Any CPU
		{4FBB3734-215B-45B1-BDBC-0EFA156A6900}.Release|Any CPU.Build.0 = Release|Any CPU
		{46B9AF55-01D0-45B0-95CB-16F5B61A9F03}.Debug|Any CPU.ActiveCfg = Debug|Any CPU
		{46B9AF55-01D0-45B0-95CB-16F5B61A9F03}.Debug|Any CPU.Build.0 = Debug|Any CPU
		{46B9AF55-01D0-45B0-95CB-16F5B61A9F03}.Release|Any CPU.ActiveCfg = Release|Any CPU
		{46B9AF55-01D0-45B0-95CB-16F5B61A9F03}.Release|Any CPU.Build.0 = Release|Any CPU
		{04AEB592-9BCB-4E4F-B4E8-A002094728CE}.Debug|Any CPU.ActiveCfg = Debug|Any CPU
		{04AEB592-9BCB-4E4F-B4E8-A002094728CE}.Debug|Any CPU.Build.0 = Debug|Any CPU
		{04AEB592-9BCB-4E4F-B4E8-A002094728CE}.Release|Any CPU.ActiveCfg = Release|Any CPU
		{04AEB592-9BCB-4E4F-B4E8-A002094728CE}.Release|Any CPU.Build.0 = Release|Any CPU
		{D507E532-7DE6-4028-9DBE-AA76C54CC92A}.Debug|Any CPU.ActiveCfg = Debug|Any CPU
		{D507E532-7DE6-4028-9DBE-AA76C54CC92A}.Debug|Any CPU.Build.0 = Debug|Any CPU
		{D507E532-7DE6-4028-9DBE-AA76C54CC92A}.Release|Any CPU.ActiveCfg = Release|Any CPU
		{D507E532-7DE6-4028-9DBE-AA76C54CC92A}.Release|Any CPU.Build.0 = Release|Any CPU
		{461EF26D-3722-4A73-A582-8536B5848F01}.Debug|Any CPU.ActiveCfg = Debug|Any CPU
		{461EF26D-3722-4A73-A582-8536B5848F01}.Debug|Any CPU.Build.0 = Debug|Any CPU
		{461EF26D-3722-4A73-A582-8536B5848F01}.Release|Any CPU.ActiveCfg = Release|Any CPU
		{461EF26D-3722-4A73-A582-8536B5848F01}.Release|Any CPU.Build.0 = Release|Any CPU
		{64366237-BAC0-4866-8878-39CA18D1E889}.Debug|Any CPU.ActiveCfg = Debug|Any CPU
		{64366237-BAC0-4866-8878-39CA18D1E889}.Debug|Any CPU.Build.0 = Debug|Any CPU
		{64366237-BAC0-4866-8878-39CA18D1E889}.Release|Any CPU.ActiveCfg = Release|Any CPU
		{64366237-BAC0-4866-8878-39CA18D1E889}.Release|Any CPU.Build.0 = Release|Any CPU
		{E5240A50-E944-4F50-A353-2E3C9E547447}.Debug|Any CPU.ActiveCfg = Debug|Any CPU
		{E5240A50-E944-4F50-A353-2E3C9E547447}.Debug|Any CPU.Build.0 = Debug|Any CPU
		{E5240A50-E944-4F50-A353-2E3C9E547447}.Release|Any CPU.ActiveCfg = Release|Any CPU
		{E5240A50-E944-4F50-A353-2E3C9E547447}.Release|Any CPU.Build.0 = Release|Any CPU
		{B2948BD4-B413-4E9D-B9ED-41261B0C56DA}.Debug|Any CPU.ActiveCfg = Debug|Any CPU
		{B2948BD4-B413-4E9D-B9ED-41261B0C56DA}.Debug|Any CPU.Build.0 = Debug|Any CPU
		{B2948BD4-B413-4E9D-B9ED-41261B0C56DA}.Release|Any CPU.ActiveCfg = Release|Any CPU
		{B2948BD4-B413-4E9D-B9ED-41261B0C56DA}.Release|Any CPU.Build.0 = Release|Any CPU
		{992FAB3C-6505-41E4-A4D0-4D0657661695}.Debug|Any CPU.ActiveCfg = Debug|Any CPU
		{992FAB3C-6505-41E4-A4D0-4D0657661695}.Debug|Any CPU.Build.0 = Debug|Any CPU
		{992FAB3C-6505-41E4-A4D0-4D0657661695}.Release|Any CPU.ActiveCfg = Release|Any CPU
		{992FAB3C-6505-41E4-A4D0-4D0657661695}.Release|Any CPU.Build.0 = Release|Any CPU
		{BE0E5D76-66C9-46C4-81B3-B2304D51A548}.Debug|Any CPU.ActiveCfg = Debug|Any CPU
		{BE0E5D76-66C9-46C4-81B3-B2304D51A548}.Debug|Any CPU.Build.0 = Debug|Any CPU
		{BE0E5D76-66C9-46C4-81B3-B2304D51A548}.Release|Any CPU.ActiveCfg = Release|Any CPU
		{BE0E5D76-66C9-46C4-81B3-B2304D51A548}.Release|Any CPU.Build.0 = Release|Any CPU
		{0456B6CE-507F-444A-8446-5E611EAD1AA3}.Debug|Any CPU.ActiveCfg = Debug|Any CPU
		{0456B6CE-507F-444A-8446-5E611EAD1AA3}.Debug|Any CPU.Build.0 = Debug|Any CPU
		{0456B6CE-507F-444A-8446-5E611EAD1AA3}.Release|Any CPU.ActiveCfg = Release|Any CPU
		{0456B6CE-507F-444A-8446-5E611EAD1AA3}.Release|Any CPU.Build.0 = Release|Any CPU
		{4CCDE1BB-3D7F-441D-BCDA-A651132FF61B}.Debug|Any CPU.ActiveCfg = Debug|Any CPU
		{4CCDE1BB-3D7F-441D-BCDA-A651132FF61B}.Debug|Any CPU.Build.0 = Debug|Any CPU
		{4CCDE1BB-3D7F-441D-BCDA-A651132FF61B}.Release|Any CPU.ActiveCfg = Release|Any CPU
		{4CCDE1BB-3D7F-441D-BCDA-A651132FF61B}.Release|Any CPU.Build.0 = Release|Any CPU
		{58DBDF91-7AD0-4780-A3EF-0FA5C39E2869}.Debug|Any CPU.ActiveCfg = Debug|Any CPU
		{58DBDF91-7AD0-4780-A3EF-0FA5C39E2869}.Debug|Any CPU.Build.0 = Debug|Any CPU
		{58DBDF91-7AD0-4780-A3EF-0FA5C39E2869}.Release|Any CPU.ActiveCfg = Release|Any CPU
		{58DBDF91-7AD0-4780-A3EF-0FA5C39E2869}.Release|Any CPU.Build.0 = Release|Any CPU
		{B58670E5-011F-4318-964E-35C8B63870A5}.Debug|Any CPU.ActiveCfg = Debug|Any CPU
		{B58670E5-011F-4318-964E-35C8B63870A5}.Debug|Any CPU.Build.0 = Debug|Any CPU
		{B58670E5-011F-4318-964E-35C8B63870A5}.Release|Any CPU.ActiveCfg = Release|Any CPU
		{B58670E5-011F-4318-964E-35C8B63870A5}.Release|Any CPU.Build.0 = Release|Any CPU
	EndGlobalSection
	GlobalSection(SolutionProperties) = preSolution
		HideSolutionNode = FALSE
	EndGlobalSection
	GlobalSection(NestedProjects) = preSolution
		{4FBB3734-215B-45B1-BDBC-0EFA156A6900} = {A63546C5-96E9-4DAF-ACBF-C4D0C2F6B9CF}
		{46B9AF55-01D0-45B0-95CB-16F5B61A9F03} = {22A6CC46-99D2-45AF-B379-3320ECE99124}
		{D507E532-7DE6-4028-9DBE-AA76C54CC92A} = {A63546C5-96E9-4DAF-ACBF-C4D0C2F6B9CF}
		{461EF26D-3722-4A73-A582-8536B5848F01} = {22A6CC46-99D2-45AF-B379-3320ECE99124}
		{64366237-BAC0-4866-8878-39CA18D1E889} = {22A6CC46-99D2-45AF-B379-3320ECE99124}
		{E5240A50-E944-4F50-A353-2E3C9E547447} = {22A6CC46-99D2-45AF-B379-3320ECE99124}
		{B2948BD4-B413-4E9D-B9ED-41261B0C56DA} = {A63546C5-96E9-4DAF-ACBF-C4D0C2F6B9CF}
		{992FAB3C-6505-41E4-A4D0-4D0657661695} = {009DEDB1-E6E3-4FA8-AFEC-39DBBE4FFCC6}
		{BE0E5D76-66C9-46C4-81B3-B2304D51A548} = {2F4F1E4D-2CAB-4AC4-AB7A-53DC68B61001}
		{A0385D1F-C1F4-4A06-9D37-A71AD607EE8D} = {2F4F1E4D-2CAB-4AC4-AB7A-53DC68B61001}
		{0456B6CE-507F-444A-8446-5E611EAD1AA3} = {A0385D1F-C1F4-4A06-9D37-A71AD607EE8D}
		{4CCDE1BB-3D7F-441D-BCDA-A651132FF61B} = {2F4F1E4D-2CAB-4AC4-AB7A-53DC68B61001}
		{0A6E26FC-847F-48AF-A744-DD901EC34618} = {22A6CC46-99D2-45AF-B379-3320ECE99124}
		{58DBDF91-7AD0-4780-A3EF-0FA5C39E2869} = {0A6E26FC-847F-48AF-A744-DD901EC34618}
		{B58670E5-011F-4318-964E-35C8B63870A5} = {22A6CC46-99D2-45AF-B379-3320ECE99124}
	EndGlobalSection
EndGlobal
